// !$*UTF8*$!
{
	archiveVersion = 1;
	classes = {
	};
	objectVersion = 50;
	objects = {

/* Begin PBXBuildFile section */
		4174A1CB20E9D6A800ED9154 /* AppDelegate.swift in Sources */ = {isa = PBXBuildFile; fileRef = 4174A1CA20E9D6A800ED9154 /* AppDelegate.swift */; };
		4174A1CD20E9D6A800ED9154 /* ViewController.swift in Sources */ = {isa = PBXBuildFile; fileRef = 4174A1CC20E9D6A800ED9154 /* ViewController.swift */; };
		4174A1D020E9D6A800ED9154 /* Main.storyboard in Resources */ = {isa = PBXBuildFile; fileRef = 4174A1CE20E9D6A800ED9154 /* Main.storyboard */; };
		4174A1D220E9D6AB00ED9154 /* Assets.xcassets in Resources */ = {isa = PBXBuildFile; fileRef = 4174A1D120E9D6AB00ED9154 /* Assets.xcassets */; };
		4174A1D520E9D6AB00ED9154 /* LaunchScreen.storyboard in Resources */ = {isa = PBXBuildFile; fileRef = 4174A1D320E9D6AB00ED9154 /* LaunchScreen.storyboard */; };
		4174A1E020E9D6AB00ED9154 /* demoTests.swift in Sources */ = {isa = PBXBuildFile; fileRef = 4174A1DF20E9D6AB00ED9154 /* demoTests.swift */; };
		4174A1EB20E9D6AB00ED9154 /* demoUITests.swift in Sources */ = {isa = PBXBuildFile; fileRef = 4174A1EA20E9D6AB00ED9154 /* demoUITests.swift */; };
/* End PBXBuildFile section */

/* Begin PBXContainerItemProxy section */
		4174A1DC20E9D6AB00ED9154 /* PBXContainerItemProxy */ = {
			isa = PBXContainerItemProxy;
			containerPortal = 4174A1BF20E9D6A800ED9154 /* Project object */;
			proxyType = 1;
			remoteGlobalIDString = 4174A1C620E9D6A800ED9154;
			remoteInfo = demo;
		};
		4174A1E720E9D6AB00ED9154 /* PBXContainerItemProxy */ = {
			isa = PBXContainerItemProxy;
			containerPortal = 4174A1BF20E9D6A800ED9154 /* Project object */;
			proxyType = 1;
			remoteGlobalIDString = 4174A1C620E9D6A800ED9154;
			remoteInfo = demo;
		};
/* End PBXContainerItemProxy section */

/* Begin PBXFileReference section */
		4174A1C720E9D6A800ED9154 /* demo.app */ = {isa = PBXFileReference; explicitFileType = wrapper.application; includeInIndex = 0; path = demo.app; sourceTree = BUILT_PRODUCTS_DIR; };
		4174A1CA20E9D6A800ED9154 /* AppDelegate.swift */ = {isa = PBXFileReference; lastKnownFileType = sourcecode.swift; path = AppDelegate.swift; sourceTree = "<group>"; };
		4174A1CC20E9D6A800ED9154 /* ViewController.swift */ = {isa = PBXFileReference; lastKnownFileType = sourcecode.swift; path = ViewController.swift; sourceTree = "<group>"; };
		4174A1CF20E9D6A800ED9154 /* Base */ = {isa = PBXFileReference; lastKnownFileType = file.storyboard; name = Base; path = Base.lproj/Main.storyboard; sourceTree = "<group>"; };
		4174A1D120E9D6AB00ED9154 /* Assets.xcassets */ = {isa = PBXFileReference; lastKnownFileType = folder.assetcatalog; path = Assets.xcassets; sourceTree = "<group>"; };
		4174A1D420E9D6AB00ED9154 /* Base */ = {isa = PBXFileReference; lastKnownFileType = file.storyboard; name = Base; path = Base.lproj/LaunchScreen.storyboard; sourceTree = "<group>"; };
		4174A1D620E9D6AB00ED9154 /* Info.plist */ = {isa = PBXFileReference; lastKnownFileType = text.plist.xml; path = Info.plist; sourceTree = "<group>"; };
		4174A1DB20E9D6AB00ED9154 /* demoTests.xctest */ = {isa = PBXFileReference; explicitFileType = wrapper.cfbundle; includeInIndex = 0; path = demoTests.xctest; sourceTree = BUILT_PRODUCTS_DIR; };
		4174A1DF20E9D6AB00ED9154 /* demoTests.swift */ = {isa = PBXFileReference; lastKnownFileType = sourcecode.swift; path = demoTests.swift; sourceTree = "<group>"; };
		4174A1E120E9D6AB00ED9154 /* Info.plist */ = {isa = PBXFileReference; lastKnownFileType = text.plist.xml; path = Info.plist; sourceTree = "<group>"; };
		4174A1E620E9D6AB00ED9154 /* demoUITests.xctest */ = {isa = PBXFileReference; explicitFileType = wrapper.cfbundle; includeInIndex = 0; path = demoUITests.xctest; sourceTree = BUILT_PRODUCTS_DIR; };
		4174A1EA20E9D6AB00ED9154 /* demoUITests.swift */ = {isa = PBXFileReference; lastKnownFileType = sourcecode.swift; path = demoUITests.swift; sourceTree = "<group>"; };
		4174A1EC20E9D6AB00ED9154 /* Info.plist */ = {isa = PBXFileReference; lastKnownFileType = text.plist.xml; path = Info.plist; sourceTree = "<group>"; };
/* End PBXFileReference section */

/* Begin PBXFrameworksBuildPhase section */
		4174A1C420E9D6A800ED9154 /* Frameworks */ = {
			isa = PBXFrameworksBuildPhase;
			buildActionMask = 2147483647;
			files = (
			);
			runOnlyForDeploymentPostprocessing = 0;
		};
		4174A1D820E9D6AB00ED9154 /* Frameworks */ = {
			isa = PBXFrameworksBuildPhase;
			buildActionMask = 2147483647;
			files = (
			);
			runOnlyForDeploymentPostprocessing = 0;
		};
		4174A1E320E9D6AB00ED9154 /* Frameworks */ = {
			isa = PBXFrameworksBuildPhase;
			buildActionMask = 2147483647;
			files = (
			);
			runOnlyForDeploymentPostprocessing = 0;
		};
/* End PBXFrameworksBuildPhase section */

/* Begin PBXGroup section */
		4174A1BE20E9D6A800ED9154 = {
			isa = PBXGroup;
			children = (
				4174A1C920E9D6A800ED9154 /* demo */,
				4174A1DE20E9D6AB00ED9154 /* demoTests */,
				4174A1E920E9D6AB00ED9154 /* demoUITests */,
				4174A1C820E9D6A800ED9154 /* Products */,
			);
			sourceTree = "<group>";
		};
		4174A1C820E9D6A800ED9154 /* Products */ = {
			isa = PBXGroup;
			children = (
				4174A1C720E9D6A800ED9154 /* demo.app */,
				4174A1DB20E9D6AB00ED9154 /* demoTests.xctest */,
				4174A1E620E9D6AB00ED9154 /* demoUITests.xctest */,
			);
			name = Products;
			sourceTree = "<group>";
		};
		4174A1C920E9D6A800ED9154 /* demo */ = {
			isa = PBXGroup;
			children = (
				4174A1CA20E9D6A800ED9154 /* AppDelegate.swift */,
				4174A1CC20E9D6A800ED9154 /* ViewController.swift */,
				4174A1CE20E9D6A800ED9154 /* Main.storyboard */,
				4174A1D120E9D6AB00ED9154 /* Assets.xcassets */,
				4174A1D320E9D6AB00ED9154 /* LaunchScreen.storyboard */,
				4174A1D620E9D6AB00ED9154 /* Info.plist */,
			);
			path = demo;
			sourceTree = "<group>";
		};
		4174A1DE20E9D6AB00ED9154 /* demoTests */ = {
			isa = PBXGroup;
			children = (
				4174A1DF20E9D6AB00ED9154 /* demoTests.swift */,
				4174A1E120E9D6AB00ED9154 /* Info.plist */,
			);
			path = demoTests;
			sourceTree = "<group>";
		};
		4174A1E920E9D6AB00ED9154 /* demoUITests */ = {
			isa = PBXGroup;
			children = (
				4174A1EA20E9D6AB00ED9154 /* demoUITests.swift */,
				4174A1EC20E9D6AB00ED9154 /* Info.plist */,
			);
			path = demoUITests;
			sourceTree = "<group>";
		};
/* End PBXGroup section */

/* Begin PBXNativeTarget section */
		4174A1C620E9D6A800ED9154 /* demo */ = {
			isa = PBXNativeTarget;
			buildConfigurationList = 4174A1EF20E9D6AB00ED9154 /* Build configuration list for PBXNativeTarget "demo" */;
			buildPhases = (
				4174A1C320E9D6A800ED9154 /* Sources */,
				4174A1C420E9D6A800ED9154 /* Frameworks */,
				4174A1C520E9D6A800ED9154 /* Resources */,
			);
			buildRules = (
			);
			dependencies = (
			);
			name = demo;
			productName = demo;
			productReference = 4174A1C720E9D6A800ED9154 /* demo.app */;
			productType = "com.apple.product-type.application";
		};
		4174A1DA20E9D6AB00ED9154 /* demoTests */ = {
			isa = PBXNativeTarget;
			buildConfigurationList = 4174A1F220E9D6AB00ED9154 /* Build configuration list for PBXNativeTarget "demoTests" */;
			buildPhases = (
				4174A1D720E9D6AB00ED9154 /* Sources */,
				4174A1D820E9D6AB00ED9154 /* Frameworks */,
				4174A1D920E9D6AB00ED9154 /* Resources */,
			);
			buildRules = (
			);
			dependencies = (
				4174A1DD20E9D6AB00ED9154 /* PBXTargetDependency */,
			);
			name = demoTests;
			productName = demoTests;
			productReference = 4174A1DB20E9D6AB00ED9154 /* demoTests.xctest */;
			productType = "com.apple.product-type.bundle.unit-test";
		};
		4174A1E520E9D6AB00ED9154 /* demoUITests */ = {
			isa = PBXNativeTarget;
			buildConfigurationList = 4174A1F520E9D6AB00ED9154 /* Build configuration list for PBXNativeTarget "demoUITests" */;
			buildPhases = (
				4174A1E220E9D6AB00ED9154 /* Sources */,
				4174A1E320E9D6AB00ED9154 /* Frameworks */,
				4174A1E420E9D6AB00ED9154 /* Resources */,
			);
			buildRules = (
			);
			dependencies = (
				4174A1E820E9D6AB00ED9154 /* PBXTargetDependency */,
			);
			name = demoUITests;
			productName = demoUITests;
			productReference = 4174A1E620E9D6AB00ED9154 /* demoUITests.xctest */;
			productType = "com.apple.product-type.bundle.ui-testing";
		};
/* End PBXNativeTarget section */

/* Begin PBXProject section */
		4174A1BF20E9D6A800ED9154 /* Project object */ = {
			isa = PBXProject;
			attributes = {
				LastSwiftUpdateCheck = 0940;
				LastUpgradeCheck = 0940;
				ORGANIZATIONNAME = HuyVuong;
				TargetAttributes = {
					4174A1C620E9D6A800ED9154 = {
						CreatedOnToolsVersion = 9.4.1;
					};
					4174A1DA20E9D6AB00ED9154 = {
						CreatedOnToolsVersion = 9.4.1;
						TestTargetID = 4174A1C620E9D6A800ED9154;
					};
					4174A1E520E9D6AB00ED9154 = {
						CreatedOnToolsVersion = 9.4.1;
						TestTargetID = 4174A1C620E9D6A800ED9154;
					};
				};
			};
			buildConfigurationList = 4174A1C220E9D6A800ED9154 /* Build configuration list for PBXProject "demo" */;
			compatibilityVersion = "Xcode 9.3";
			developmentRegion = en;
			hasScannedForEncodings = 0;
			knownRegions = (
				en,
				Base,
			);
			mainGroup = 4174A1BE20E9D6A800ED9154;
			productRefGroup = 4174A1C820E9D6A800ED9154 /* Products */;
			projectDirPath = "";
			projectRoot = "";
			targets = (
				4174A1C620E9D6A800ED9154 /* demo */,
				4174A1DA20E9D6AB00ED9154 /* demoTests */,
				4174A1E520E9D6AB00ED9154 /* demoUITests */,
			);
		};
/* End PBXProject section */

/* Begin PBXResourcesBuildPhase section */
		4174A1C520E9D6A800ED9154 /* Resources */ = {
			isa = PBXResourcesBuildPhase;
			buildActionMask = 2147483647;
			files = (
				4174A1D520E9D6AB00ED9154 /* LaunchScreen.storyboard in Resources */,
				4174A1D220E9D6AB00ED9154 /* Assets.xcassets in Resources */,
				4174A1D020E9D6A800ED9154 /* Main.storyboard in Resources */,
			);
			runOnlyForDeploymentPostprocessing = 0;
		};
		4174A1D920E9D6AB00ED9154 /* Resources */ = {
			isa = PBXResourcesBuildPhase;
			buildActionMask = 2147483647;
			files = (
			);
			runOnlyForDeploymentPostprocessing = 0;
		};
		4174A1E420E9D6AB00ED9154 /* Resources */ = {
			isa = PBXResourcesBuildPhase;
			buildActionMask = 2147483647;
			files = (
			);
			runOnlyForDeploymentPostprocessing = 0;
		};
/* End PBXResourcesBuildPhase section */

/* Begin PBXSourcesBuildPhase section */
		4174A1C320E9D6A800ED9154 /* Sources */ = {
			isa = PBXSourcesBuildPhase;
			buildActionMask = 2147483647;
			files = (
				4174A1CD20E9D6A800ED9154 /* ViewController.swift in Sources */,
				4174A1CB20E9D6A800ED9154 /* AppDelegate.swift in Sources */,
			);
			runOnlyForDeploymentPostprocessing = 0;
		};
		4174A1D720E9D6AB00ED9154 /* Sources */ = {
			isa = PBXSourcesBuildPhase;
			buildActionMask = 2147483647;
			files = (
				4174A1E020E9D6AB00ED9154 /* demoTests.swift in Sources */,
			);
			runOnlyForDeploymentPostprocessing = 0;
		};
		4174A1E220E9D6AB00ED9154 /* Sources */ = {
			isa = PBXSourcesBuildPhase;
			buildActionMask = 2147483647;
			files = (
				4174A1EB20E9D6AB00ED9154 /* demoUITests.swift in Sources */,
			);
			runOnlyForDeploymentPostprocessing = 0;
		};
/* End PBXSourcesBuildPhase section */

/* Begin PBXTargetDependency section */
		4174A1DD20E9D6AB00ED9154 /* PBXTargetDependency */ = {
			isa = PBXTargetDependency;
			target = 4174A1C620E9D6A800ED9154 /* demo */;
			targetProxy = 4174A1DC20E9D6AB00ED9154 /* PBXContainerItemProxy */;
		};
		4174A1E820E9D6AB00ED9154 /* PBXTargetDependency */ = {
			isa = PBXTargetDependency;
			target = 4174A1C620E9D6A800ED9154 /* demo */;
			targetProxy = 4174A1E720E9D6AB00ED9154 /* PBXContainerItemProxy */;
		};
/* End PBXTargetDependency section */

/* Begin PBXVariantGroup section */
		4174A1CE20E9D6A800ED9154 /* Main.storyboard */ = {
			isa = PBXVariantGroup;
			children = (
				4174A1CF20E9D6A800ED9154 /* Base */,
			);
			name = Main.storyboard;
			sourceTree = "<group>";
		};
		4174A1D320E9D6AB00ED9154 /* LaunchScreen.storyboard */ = {
			isa = PBXVariantGroup;
			children = (
				4174A1D420E9D6AB00ED9154 /* Base */,
			);
			name = LaunchScreen.storyboard;
			sourceTree = "<group>";
		};
/* End PBXVariantGroup section */

/* Begin XCBuildConfiguration section */
		4174A1ED20E9D6AB00ED9154 /* Debug */ = {
			isa = XCBuildConfiguration;
			buildSettings = {
				ALWAYS_SEARCH_USER_PATHS = NO;
				CLANG_ANALYZER_NONNULL = YES;
				CLANG_ANALYZER_NUMBER_OBJECT_CONVERSION = YES_AGGRESSIVE;
				CLANG_CXX_LANGUAGE_STANDARD = "gnu++14";
				CLANG_CXX_LIBRARY = "libc++";
				CLANG_ENABLE_MODULES = YES;
				CLANG_ENABLE_OBJC_ARC = YES;
				CLANG_ENABLE_OBJC_WEAK = YES;
				CLANG_WARN_BLOCK_CAPTURE_AUTORELEASING = YES;
				CLANG_WARN_BOOL_CONVERSION = YES;
				CLANG_WARN_COMMA = YES;
				CLANG_WARN_CONSTANT_CONVERSION = YES;
				CLANG_WARN_DEPRECATED_OBJC_IMPLEMENTATIONS = YES;
				CLANG_WARN_DIRECT_OBJC_ISA_USAGE = YES_ERROR;
				CLANG_WARN_DOCUMENTATION_COMMENTS = YES;
				CLANG_WARN_EMPTY_BODY = YES;
				CLANG_WARN_ENUM_CONVERSION = YES;
				CLANG_WARN_INFINITE_RECURSION = YES;
				CLANG_WARN_INT_CONVERSION = YES;
				CLANG_WARN_NON_LITERAL_NULL_CONVERSION = YES;
				CLANG_WARN_OBJC_IMPLICIT_RETAIN_SELF = YES;
				CLANG_WARN_OBJC_LITERAL_CONVERSION = YES;
				CLANG_WARN_OBJC_ROOT_CLASS = YES_ERROR;
				CLANG_WARN_RANGE_LOOP_ANALYSIS = YES;
				CLANG_WARN_STRICT_PROTOTYPES = YES;
				CLANG_WARN_SUSPICIOUS_MOVE = YES;
				CLANG_WARN_UNGUARDED_AVAILABILITY = YES_AGGRESSIVE;
				CLANG_WARN_UNREACHABLE_CODE = YES;
				CLANG_WARN__DUPLICATE_METHOD_MATCH = YES;
				CODE_SIGN_IDENTITY = "iPhone Developer";
				COPY_PHASE_STRIP = NO;
				DEBUG_INFORMATION_FORMAT = dwarf;
				ENABLE_STRICT_OBJC_MSGSEND = YES;
				ENABLE_TESTABILITY = YES;
				GCC_C_LANGUAGE_STANDARD = gnu11;
				GCC_DYNAMIC_NO_PIC = NO;
				GCC_NO_COMMON_BLOCKS = YES;
				GCC_OPTIMIZATION_LEVEL = 0;
				GCC_PREPROCESSOR_DEFINITIONS = (
					"DEBUG=1",
					"$(inherited)",
				);
				GCC_WARN_64_TO_32_BIT_CONVERSION = YES;
				GCC_WARN_ABOUT_RETURN_TYPE = YES_ERROR;
				GCC_WARN_UNDECLARED_SELECTOR = YES;
				GCC_WARN_UNINITIALIZED_AUTOS = YES_AGGRESSIVE;
				GCC_WARN_UNUSED_FUNCTION = YES;
				GCC_WARN_UNUSED_VARIABLE = YES;
				IPHONEOS_DEPLOYMENT_TARGET = 11.4;
				MTL_ENABLE_DEBUG_INFO = YES;
				ONLY_ACTIVE_ARCH = YES;
				SDKROOT = iphoneos;
				SWIFT_ACTIVE_COMPILATION_CONDITIONS = DEBUG;
				SWIFT_OPTIMIZATION_LEVEL = "-Onone";
			};
			name = Debug;
		};
		4174A1EE20E9D6AB00ED9154 /* Release */ = {
			isa = XCBuildConfiguration;
			buildSettings = {
				ALWAYS_SEARCH_USER_PATHS = NO;
				CLANG_ANALYZER_NONNULL = YES;
				CLANG_ANALYZER_NUMBER_OBJECT_CONVERSION = YES_AGGRESSIVE;
				CLANG_CXX_LANGUAGE_STANDARD = "gnu++14";
				CLANG_CXX_LIBRARY = "libc++";
				CLANG_ENABLE_MODULES = YES;
				CLANG_ENABLE_OBJC_ARC = YES;
				CLANG_ENABLE_OBJC_WEAK = YES;
				CLANG_WARN_BLOCK_CAPTURE_AUTORELEASING = YES;
				CLANG_WARN_BOOL_CONVERSION = YES;
				CLANG_WARN_COMMA = YES;
				CLANG_WARN_CONSTANT_CONVERSION = YES;
				CLANG_WARN_DEPRECATED_OBJC_IMPLEMENTATIONS = YES;
				CLANG_WARN_DIRECT_OBJC_ISA_USAGE = YES_ERROR;
				CLANG_WARN_DOCUMENTATION_COMMENTS = YES;
				CLANG_WARN_EMPTY_BODY = YES;
				CLANG_WARN_ENUM_CONVERSION = YES;
				CLANG_WARN_INFINITE_RECURSION = YES;
				CLANG_WARN_INT_CONVERSION = YES;
				CLANG_WARN_NON_LITERAL_NULL_CONVERSION = YES;
				CLANG_WARN_OBJC_IMPLICIT_RETAIN_SELF = YES;
				CLANG_WARN_OBJC_LITERAL_CONVERSION = YES;
				CLANG_WARN_OBJC_ROOT_CLASS = YES_ERROR;
				CLANG_WARN_RANGE_LOOP_ANALYSIS = YES;
				CLANG_WARN_STRICT_PROTOTYPES = YES;
				CLANG_WARN_SUSPICIOUS_MOVE = YES;
				CLANG_WARN_UNGUARDED_AVAILABILITY = YES_AGGRESSIVE;
				CLANG_WARN_UNREACHABLE_CODE = YES;
				CLANG_WARN__DUPLICATE_METHOD_MATCH = YES;
				CODE_SIGN_IDENTITY = "iPhone Developer";
				COPY_PHASE_STRIP = NO;
				DEBUG_INFORMATION_FORMAT = "dwarf-with-dsym";
				ENABLE_NS_ASSERTIONS = NO;
				ENABLE_STRICT_OBJC_MSGSEND = YES;
				GCC_C_LANGUAGE_STANDARD = gnu11;
				GCC_NO_COMMON_BLOCKS = YES;
				GCC_WARN_64_TO_32_BIT_CONVERSION = YES;
				GCC_WARN_ABOUT_RETURN_TYPE = YES_ERROR;
				GCC_WARN_UNDECLARED_SELECTOR = YES;
				GCC_WARN_UNINITIALIZED_AUTOS = YES_AGGRESSIVE;
				GCC_WARN_UNUSED_FUNCTION = YES;
				GCC_WARN_UNUSED_VARIABLE = YES;
				IPHONEOS_DEPLOYMENT_TARGET = 11.4;
				MTL_ENABLE_DEBUG_INFO = NO;
				SDKROOT = iphoneos;
				SWIFT_COMPILATION_MODE = wholemodule;
				SWIFT_OPTIMIZATION_LEVEL = "-O";
				VALIDATE_PRODUCT = YES;
			};
			name = Release;
		};
		4174A1F020E9D6AB00ED9154 /* Debug */ = {
			isa = XCBuildConfiguration;
			buildSettings = {
				ASSETCATALOG_COMPILER_APPICON_NAME = AppIcon;
				CODE_SIGN_STYLE = Automatic;
				INFOPLIST_FILE = demo/Info.plist;
				LD_RUNPATH_SEARCH_PATHS = (
					"$(inherited)",
					"@executable_path/Frameworks",
				);
				PRODUCT_BUNDLE_IDENTIFIER = vuonghuy.demo;
				PRODUCT_NAME = "$(TARGET_NAME)";
				SWIFT_VERSION = 4.0;
				TARGETED_DEVICE_FAMILY = "1,2";
			};
			name = Debug;
		};
		4174A1F120E9D6AB00ED9154 /* Release */ = {
			isa = XCBuildConfiguration;
			buildSettings = {
				ASSETCATALOG_COMPILER_APPICON_NAME = AppIcon;
				CODE_SIGN_STYLE = Automatic;
				INFOPLIST_FILE = demo/Info.plist;
				LD_RUNPATH_SEARCH_PATHS = (
					"$(inherited)",
					"@executable_path/Frameworks",
				);
				PRODUCT_BUNDLE_IDENTIFIER = vuonghuy.demo;
				PRODUCT_NAME = "$(TARGET_NAME)";
				SWIFT_VERSION = 4.0;
				TARGETED_DEVICE_FAMILY = "1,2";
			};
			name = Release;
		};
		4174A1F320E9D6AB00ED9154 /* Debug */ = {
			isa = XCBuildConfiguration;
			buildSettings = {
				ALWAYS_EMBED_SWIFT_STANDARD_LIBRARIES = YES;
				BUNDLE_LOADER = "$(TEST_HOST)";
				CODE_SIGN_STYLE = Automatic;
				INFOPLIST_FILE = demoTests/Info.plist;
				LD_RUNPATH_SEARCH_PATHS = (
					"$(inherited)",
					"@executable_path/Frameworks",
					"@loader_path/Frameworks",
				);
				PRODUCT_BUNDLE_IDENTIFIER = vuonghuy.demoTests;
				PRODUCT_NAME = "$(TARGET_NAME)";
				SWIFT_VERSION = 4.0;
				TARGETED_DEVICE_FAMILY = "1,2";
				TEST_HOST = "$(BUILT_PRODUCTS_DIR)/demo.app/demo";
			};
			name = Debug;
		};
		4174A1F420E9D6AB00ED9154 /* Release */ = {
			isa = XCBuildConfiguration;
			buildSettings = {
				ALWAYS_EMBED_SWIFT_STANDARD_LIBRARIES = YES;
				BUNDLE_LOADER = "$(TEST_HOST)";
				CODE_SIGN_STYLE = Automatic;
				INFOPLIST_FILE = demoTests/Info.plist;
				LD_RUNPATH_SEARCH_PATHS = (
					"$(inherited)",
					"@executable_path/Frameworks",
					"@loader_path/Frameworks",
				);
				PRODUCT_BUNDLE_IDENTIFIER = vuonghuy.demoTests;
				PRODUCT_NAME = "$(TARGET_NAME)";
				SWIFT_VERSION = 4.0;
				TARGETED_DEVICE_FAMILY = "1,2";
				TEST_HOST = "$(BUILT_PRODUCTS_DIR)/demo.app/demo";
			};
			name = Release;
		};
		4174A1F620E9D6AB00ED9154 /* Debug */ = {
			isa = XCBuildConfiguration;
			buildSettings = {
				ALWAYS_EMBED_SWIFT_STANDARD_LIBRARIES = YES;
				CODE_SIGN_STYLE = Automatic;
				INFOPLIST_FILE = demoUITests/Info.plist;
				LD_RUNPATH_SEARCH_PATHS = (
					"$(inherited)",
					"@executable_path/Frameworks",
					"@loader_path/Frameworks",
				);
				PRODUCT_BUNDLE_IDENTIFIER = vuonghuy.demoUITests;
				PRODUCT_NAME = "$(TARGET_NAME)";
				SWIFT_VERSION = 4.0;
				TARGETED_DEVICE_FAMILY = "1,2";
				TEST_TARGET_NAME = demo;
			};
			name = Debug;
		};
		4174A1F720E9D6AB00ED9154 /* Release */ = {
			isa = XCBuildConfiguration;
			buildSettings = {
				ALWAYS_EMBED_SWIFT_STANDARD_LIBRARIES = YES;
				CODE_SIGN_STYLE = Automatic;
				INFOPLIST_FILE = demoUITests/Info.plist;
				LD_RUNPATH_SEARCH_PATHS = (
					"$(inherited)",
					"@executable_path/Frameworks",
					"@loader_path/Frameworks",
				);
				PRODUCT_BUNDLE_IDENTIFIER = vuonghuy.demoUITests;
				PRODUCT_NAME = "$(TARGET_NAME)";
				SWIFT_VERSION = 4.0;
				TARGETED_DEVICE_FAMILY = "1,2";
				TEST_TARGET_NAME = demo;
			};
			name = Release;
		};
/* End XCBuildConfiguration section */

/* Begin XCConfigurationList section */
		4174A1C220E9D6A800ED9154 /* Build configuration list for PBXProject "demo" */ = {
			isa = XCConfigurationList;
			buildConfigurations = (
				4174A1ED20E9D6AB00ED9154 /* Debug */,
				4174A1EE20E9D6AB00ED9154 /* Release */,
			);
			defaultConfigurationIsVisible = 0;
			defaultConfigurationName = Release;
		};
		4174A1EF20E9D6AB00ED9154 /* Build configuration list for PBXNativeTarget "demo" */ = {
			isa = XCConfigurationList;
			buildConfigurations = (
				4174A1F020E9D6AB00ED9154 /* Debug */,
				4174A1F120E9D6AB00ED9154 /* Release */,
			);
			defaultConfigurationIsVisible = 0;
			defaultConfigurationName = Release;
		};
		4174A1F220E9D6AB00ED9154 /* Build configuration list for PBXNativeTarget "demoTests" */ = {
			isa = XCConfigurationList;
			buildConfigurations = (
				4174A1F320E9D6AB00ED9154 /* Debug */,
				4174A1F420E9D6AB00ED9154 /* Release */,
			);
			defaultConfigurationIsVisible = 0;
			defaultConfigurationName = Release;
		};
		4174A1F520E9D6AB00ED9154 /* Build configuration list for PBXNativeTarget "demoUITests" */ = {
			isa = XCConfigurationList;
			buildConfigurations = (
				4174A1F620E9D6AB00ED9154 /* Debug */,
				4174A1F720E9D6AB00ED9154 /* Release */,
			);
			defaultConfigurationIsVisible = 0;
			defaultConfigurationName = Release;
		};
/* End XCConfigurationList section */
	};
	rootObject = 4174A1BF20E9D6A800ED9154 /* Project object */;
}
